
Microsoft Visual Studio Solution File, Format Version 12.00
# Visual Studio Version 17
VisualStudioVersion = 17.14.36518.9
MinimumVisualStudioVersion = 10.0.40219.1
Project("{FAE04EC0-301F-11D3-BF4B-00C04F79EFBC}") = "AbastecePro", "AbastecePro\AbastecePro.csproj", "{25A2DC40-FBE5-4BC7-9BE2-FBA9C06B6060}"
EndProject
Project("{FAE04EC0-301F-11D3-BF4B-00C04F79EFBC}") = "Domain", "Domain\Domain.csproj", "{B6708120-7A2C-4497-8B17-E773C08F918A}"
EndProject
Project("{FAE04EC0-301F-11D3-BF4B-00C04F79EFBC}") = "Data", "Data\Data.csproj", "{A8F35170-59A7-4A90-A1E5-014A1461FCC3}"
EndProject
Project("{FAE04EC0-301F-11D3-BF4B-00C04F79EFBC}") = "Core", "Core\Core.csproj", "{180310C8-B744-4D53-83DE-BDCC85060524}"
EndProject
Global
	GlobalSection(SolutionConfigurationPlatforms) = preSolution
		Debug|Any CPU = Debug|Any CPU
		Release|Any CPU = Release|Any CPU
	EndGlobalSection
	GlobalSection(ProjectConfigurationPlatforms) = postSolution
		{25A2DC40-FBE5-4BC7-9BE2-FBA9C06B6060}.Debug|Any CPU.ActiveCfg = Debug|Any CPU
		{25A2DC40-FBE5-4BC7-9BE2-FBA9C06B6060}.Debug|Any CPU.Build.0 = Debug|Any CPU
		{25A2DC40-FBE5-4BC7-9BE2-FBA9C06B6060}.Release|Any CPU.ActiveCfg = Release|Any CPU
		{25A2DC40-FBE5-4BC7-9BE2-FBA9C06B6060}.Release|Any CPU.Build.0 = Release|Any CPU
		{B6708120-7A2C-4497-8B17-E773C08F918A}.Debug|Any CPU.ActiveCfg = Debug|Any CPU
		{B6708120-7A2C-4497-8B17-E773C08F918A}.Debug|Any CPU.Build.0 = Debug|Any CPU
		{B6708120-7A2C-4497-8B17-E773C08F918A}.Release|Any CPU.ActiveCfg = Release|Any CPU
		{B6708120-7A2C-4497-8B17-E773C08F918A}.Release|Any CPU.Build.0 = Release|Any CPU
		{A8F35170-59A7-4A90-A1E5-014A1461FCC3}.Debug|Any CPU.ActiveCfg = Debug|Any CPU
		{A8F35170-59A7-4A90-A1E5-014A1461FCC3}.Debug|Any CPU.Build.0 = Debug|Any CPU
		{A8F35170-59A7-4A90-A1E5-014A1461FCC3}.Release|Any CPU.ActiveCfg = Release|Any CPU
		{A8F35170-59A7-4A90-A1E5-014A1461FCC3}.Release|Any CPU.Build.0 = Release|Any CPU
		{180310C8-B744-4D53-83DE-BDCC85060524}.Debug|Any CPU.ActiveCfg = Debug|Any CPU
		{180310C8-B744-4D53-83DE-BDCC85060524}.Debug|Any CPU.Build.0 = Debug|Any CPU
		{180310C8-B744-4D53-83DE-BDCC85060524}.Release|Any CPU.ActiveCfg = Release|Any CPU
		{180310C8-B744-4D53-83DE-BDCC85060524}.Release|Any CPU.Build.0 = Release|Any CPU
	EndGlobalSection
	GlobalSection(SolutionProperties) = preSolution
		HideSolutionNode = FALSE
	EndGlobalSection
	GlobalSection(ExtensibilityGlobals) = postSolution
		SolutionGuid = {D52EE1FE-BB2D-432C-9588-76445C87271B}
	EndGlobalSection
EndGlobal
