
Microsoft Visual Studio Solution File, Format Version 12.00
# Visual Studio Version 17
VisualStudioVersion = 17.14.36518.9 d17.14
MinimumVisualStudioVersion = 10.0.40219.1
Project("{FAE04EC0-301F-11D3-BF4B-00C04F79EFBC}") = "SignalRChat", "SignalRChat\SignalRChat.csproj", "{B393EE1D-F81B-4EB6-98C6-07A640AB47B3}"
EndProject
Global
	GlobalSection(SolutionConfigurationPlatforms) = preSolution
		Debug|Any CPU = Debug|Any CPU
		Release|Any CPU = Release|Any CPU
	EndGlobalSection
	GlobalSection(ProjectConfigurationPlatforms) = postSolution
		{B393EE1D-F81B-4EB6-98C6-07A640AB47B3}.Debug|Any CPU.ActiveCfg = Debug|Any CPU
		{B393EE1D-F81B-4EB6-98C6-07A640AB47B3}.Debug|Any CPU.Build.0 = Debug|Any CPU
		{B393EE1D-F81B-4EB6-98C6-07A640AB47B3}.Release|Any CPU.ActiveCfg = Release|Any CPU
		{B393EE1D-F81B-4EB6-98C6-07A640AB47B3}.Release|Any CPU.Build.0 = Release|Any CPU
	EndGlobalSection
	GlobalSection(SolutionProperties) = preSolution
		HideSolutionNode = FALSE
	EndGlobalSection
	GlobalSection(ExtensibilityGlobals) = postSolution
		SolutionGuid = {2BDF1110-C5E2-454C-818B-B63835737511}
	EndGlobalSection
EndGlobal
