
Microsoft Visual Studio Solution File, Format Version 12.00
# Visual Studio Version 17
VisualStudioVersion = 17.14.36518.9 d17.14
MinimumVisualStudioVersion = 10.0.40219.1
Project("{FAE04EC0-301F-11D3-BF4B-00C04F79EFBC}") = "ASPChatClean", "ASPChatClean\ASPChatClean.csproj", "{0CD192A6-7E3E-4BD9-BB05-1490EE629060}"
EndProject
Global
	GlobalSection(SolutionConfigurationPlatforms) = preSolution
		Debug|Any CPU = Debug|Any CPU
		Release|Any CPU = Release|Any CPU
	EndGlobalSection
	GlobalSection(ProjectConfigurationPlatforms) = postSolution
		{0CD192A6-7E3E-4BD9-BB05-1490EE629060}.Debug|Any CPU.ActiveCfg = Debug|Any CPU
		{0CD192A6-7E3E-4BD9-BB05-1490EE629060}.Debug|Any CPU.Build.0 = Debug|Any CPU
		{0CD192A6-7E3E-4BD9-BB05-1490EE629060}.Release|Any CPU.ActiveCfg = Release|Any CPU
		{0CD192A6-7E3E-4BD9-BB05-1490EE629060}.Release|Any CPU.Build.0 = Release|Any CPU
	EndGlobalSection
	GlobalSection(SolutionProperties) = preSolution
		HideSolutionNode = FALSE
	EndGlobalSection
	GlobalSection(ExtensibilityGlobals) = postSolution
		SolutionGuid = {12157680-91BF-406B-A204-1E225B17320B}
	EndGlobalSection
EndGlobal
